{
    "name": "bookstore-cds",
    "version": "1.0.0",
    "lockfileVersion": 3,
    "requires": true,
    "packages": {
        "": {
            "name": "bookstore-cds",
            "version": "1.0.0",
            "license": "ISC",
            "dependencies": {
                "@sap/capire-products": "file:sap-capire-products-1.0.0.tgz"
            }
        },
        "node_modules/@sap/capire-products": {
            "version": "1.0.0",
            "resolved": "file:sap-capire-products-1.0.0.tgz",
            "integrity": "sha512-u1Xp9hP8vSHzWv83zkkEGBxq4XTqiA27Hz/37VVm5hWe0Q+0iHNf3D4u3twep2JnXGegKDQCnw9hgdbY8Ye4Cw==",
            "license": "ISC"
        }
    }
}
